
Microsoft Visual Studio Solution File, Format Version 12.00
# Visual Studio 2013
VisualStudioVersion = 12.0.31101.0
MinimumVisualStudioVersion = 10.0.40219.1
Project("{FAE04EC0-301F-11D3-BF4B-00C04F79EFBC}") = "Synology.Api", "Synology.Api\Synology.Api.csproj", "{C5B592FA-A5CF-4F78-881F-433B689E3EF7}"
EndProject
Project("{FAE04EC0-301F-11D3-BF4B-00C04F79EFBC}") = "Synology.Api.Tests", "Synology.Api.Tests\Synology.Api.Tests.csproj", "{A71322D7-0512-4C90-857B-1CA208AC3C11}"
EndProject
Project("{FAE04EC0-301F-11D3-BF4B-00C04F79EFBC}") = "Synology.Api.Download", "Synology.Api.DownloadStation\Synology.Api.Download.csproj", "{8E5EF799-E87F-410D-9DF3-BC4C855C7D79}"
EndProject
Project("{FAE04EC0-301F-11D3-BF4B-00C04F79EFBC}") = "Synology.Net45", "Synology.Net45\Synology.Net45.csproj", "{6E2F89A2-C782-4586-AE71-9E994D8116A3}"
EndProject
Global
	GlobalSection(SolutionConfigurationPlatforms) = preSolution
		Debug|Any CPU = Debug|Any CPU
		Release|Any CPU = Release|Any CPU
	EndGlobalSection
	GlobalSection(ProjectConfigurationPlatforms) = postSolution
		{C5B592FA-A5CF-4F78-881F-433B689E3EF7}.Debug|Any CPU.ActiveCfg = Debug|Any CPU
		{C5B592FA-A5CF-4F78-881F-433B689E3EF7}.Debug|Any CPU.Build.0 = Debug|Any CPU
		{C5B592FA-A5CF-4F78-881F-433B689E3EF7}.Release|Any CPU.ActiveCfg = Release|Any CPU
		{C5B592FA-A5CF-4F78-881F-433B689E3EF7}.Release|Any CPU.Build.0 = Release|Any CPU
		{A71322D7-0512-4C90-857B-1CA208AC3C11}.Debug|Any CPU.ActiveCfg = Debug|Any CPU
		{A71322D7-0512-4C90-857B-1CA208AC3C11}.Debug|Any CPU.Build.0 = Debug|Any CPU
		{A71322D7-0512-4C90-857B-1CA208AC3C11}.Release|Any CPU.ActiveCfg = Release|Any CPU
		{A71322D7-0512-4C90-857B-1CA208AC3C11}.Release|Any CPU.Build.0 = Release|Any CPU
		{8E5EF799-E87F-410D-9DF3-BC4C855C7D79}.Debug|Any CPU.ActiveCfg = Debug|Any CPU
		{8E5EF799-E87F-410D-9DF3-BC4C855C7D79}.Debug|Any CPU.Build.0 = Debug|Any CPU
		{8E5EF799-E87F-410D-9DF3-BC4C855C7D79}.Release|Any CPU.ActiveCfg = Release|Any CPU
		{8E5EF799-E87F-410D-9DF3-BC4C855C7D79}.Release|Any CPU.Build.0 = Release|Any CPU
		{6E2F89A2-C782-4586-AE71-9E994D8116A3}.Debug|Any CPU.ActiveCfg = Debug|Any CPU
		{6E2F89A2-C782-4586-AE71-9E994D8116A3}.Debug|Any CPU.Build.0 = Debug|Any CPU
		{6E2F89A2-C782-4586-AE71-9E994D8116A3}.Release|Any CPU.ActiveCfg = Release|Any CPU
		{6E2F89A2-C782-4586-AE71-9E994D8116A3}.Release|Any CPU.Build.0 = Release|Any CPU
	EndGlobalSection
	GlobalSection(SolutionProperties) = preSolution
		HideSolutionNode = FALSE
	EndGlobalSection
EndGlobal
